
Microsoft Visual Studio Solution File, Format Version 12.00
# Visual Studio Version 17
VisualStudioVersion = 17.7.34221.43
MinimumVisualStudioVersion = 10.0.40219.1
Project("{2150E333-8FDC-42A3-9474-1A3956D46DE8}") = "Services", "Services", "{087760BA-AF35-40D8-8779-01B3C48D3EF4}"
EndProject
Project("{2150E333-8FDC-42A3-9474-1A3956D46DE8}") = "Catalog", "Catalog", "{653AE14C-8DD7-4E9C-96B5-D6B99C1D0CF7}"
EndProject
Project("{9A19103F-16F7-4668-BE54-9A1E7A4F7556}") = "Catalog.Api", "Services\Catalog\Catalog.Api\Catalog.Api.csproj", "{A6F2D049-4B6E-4805-889F-49D113927DA6}"
EndProject
Project("{E53339B2-1760-4266-BCC7-CA923CBCF16C}") = "docker-compose", "docker-compose.dcproj", "{9ED1D254-4DE6-4229-B3B8-A60383414787}"
EndProject
Project("{2150E333-8FDC-42A3-9474-1A3956D46DE8}") = "Basket", "Basket", "{9830C312-7C6A-4AAE-9700-AF8E2BCF942D}"
EndProject
Project("{9A19103F-16F7-4668-BE54-9A1E7A4F7556}") = "Basket.Api", "Services\Basket\Basket.Api\Basket.Api.csproj", "{820840D7-0105-4611-B956-235D6EE15191}"
EndProject
Project("{2150E333-8FDC-42A3-9474-1A3956D46DE8}") = "Discount", "Discount", "{4166A6E7-178A-4FDE-B7BD-33C5833F9472}"
EndProject
Project("{9A19103F-16F7-4668-BE54-9A1E7A4F7556}") = "Discount.Api", "Services\Discount\Discount.Api\Discount.Api.csproj", "{C8BD72CC-5DDA-4A81-8A5B-FB411D1707ED}"
EndProject
Project("{9A19103F-16F7-4668-BE54-9A1E7A4F7556}") = "Discount.Grpc", "Services\Discount\Discount.Grpc\Discount.Grpc.csproj", "{DAD4D4A1-9AEB-46CF-A143-D19C1EB9C36D}"
EndProject
Project("{2150E333-8FDC-42A3-9474-1A3956D46DE8}") = "Ordering", "Ordering", "{69172560-B5A3-488A-A715-2754C6FA6C5D}"
EndProject
Project("{9A19103F-16F7-4668-BE54-9A1E7A4F7556}") = "Ordering.Api", "Services\Ordering\Ordering.Api\Ordering.Api.csproj", "{F26D75D9-B050-4F78-8911-65780DF78BA5}"
EndProject
Project("{9A19103F-16F7-4668-BE54-9A1E7A4F7556}") = "Ordering.Domain", "Services\Ordering\Ordering.Domain\Ordering.Domain.csproj", "{334B2EC6-F84D-47F2-83C3-7F4FECAA1163}"
EndProject
Project("{9A19103F-16F7-4668-BE54-9A1E7A4F7556}") = "Ordering.Application", "Services\Ordering\Ordering.Application\Ordering.Application.csproj", "{5547B022-4512-4765-A762-121A77F9D204}"
EndProject
Project("{9A19103F-16F7-4668-BE54-9A1E7A4F7556}") = "Ordering.Infrastructure", "Services\Ordering\Ordering.Infrastructure\Ordering.Infrastructure.csproj", "{884BB166-77C2-4B71-9E97-9739616120B4}"
EndProject
Project("{2150E333-8FDC-42A3-9474-1A3956D46DE8}") = "BuildingBlocks", "BuildingBlocks", "{697BC681-3FB0-437B-9BB9-AF5BA4C929E0}"
EndProject
Project("{9A19103F-16F7-4668-BE54-9A1E7A4F7556}") = "EventBus.Messages", "BuildingBlocks\EventBus.Messages\EventBus.Messages.csproj", "{2318E480-B8A6-40F4-84E4-55A8162A4969}"
EndProject
Project("{2150E333-8FDC-42A3-9474-1A3956D46DE8}") = "ApiGateways", "ApiGateways", "{9B4D3E8A-2363-4DB9-8B9A-CC7803EE3F86}"
EndProject
Project("{9A19103F-16F7-4668-BE54-9A1E7A4F7556}") = "OcelotApiGateway", "ApiGateways\OcelotApiGateway\OcelotApiGateway.csproj", "{14C156A3-CDE8-4501-A61A-1FF511F6255E}"
EndProject
Project("{FAE04EC0-301F-11D3-BF4B-00C04F79EFBC}") = "OnlineShop.Aggregator", "ApiGateways\OnlineShop.Aggregator\OnlineShop.Aggregator\OnlineShop.Aggregator.csproj", "{3C7D0E5D-90CE-469B-AC79-1B89EEEFE3B8}"
EndProject
Global
	GlobalSection(SolutionConfigurationPlatforms) = preSolution
		Debug|Any CPU = Debug|Any CPU
		Release|Any CPU = Release|Any CPU
	EndGlobalSection
	GlobalSection(ProjectConfigurationPlatforms) = postSolution
		{A6F2D049-4B6E-4805-889F-49D113927DA6}.Debug|Any CPU.ActiveCfg = Debug|Any CPU
		{A6F2D049-4B6E-4805-889F-49D113927DA6}.Debug|Any CPU.Build.0 = Debug|Any CPU
		{A6F2D049-4B6E-4805-889F-49D113927DA6}.Release|Any CPU.ActiveCfg = Release|Any CPU
		{A6F2D049-4B6E-4805-889F-49D113927DA6}.Release|Any CPU.Build.0 = Release|Any CPU
		{9ED1D254-4DE6-4229-B3B8-A60383414787}.Debug|Any CPU.ActiveCfg = Debug|Any CPU
		{9ED1D254-4DE6-4229-B3B8-A60383414787}.Debug|Any CPU.Build.0 = Debug|Any CPU
		{9ED1D254-4DE6-4229-B3B8-A60383414787}.Release|Any CPU.ActiveCfg = Release|Any CPU
		{9ED1D254-4DE6-4229-B3B8-A60383414787}.Release|Any CPU.Build.0 = Release|Any CPU
		{820840D7-0105-4611-B956-235D6EE15191}.Debug|Any CPU.ActiveCfg = Debug|Any CPU
		{820840D7-0105-4611-B956-235D6EE15191}.Debug|Any CPU.Build.0 = Debug|Any CPU
		{820840D7-0105-4611-B956-235D6EE15191}.Release|Any CPU.ActiveCfg = Release|Any CPU
		{820840D7-0105-4611-B956-235D6EE15191}.Release|Any CPU.Build.0 = Release|Any CPU
		{C8BD72CC-5DDA-4A81-8A5B-FB411D1707ED}.Debug|Any CPU.ActiveCfg = Debug|Any CPU
		{C8BD72CC-5DDA-4A81-8A5B-FB411D1707ED}.Debug|Any CPU.Build.0 = Debug|Any CPU
		{C8BD72CC-5DDA-4A81-8A5B-FB411D1707ED}.Release|Any CPU.ActiveCfg = Release|Any CPU
		{C8BD72CC-5DDA-4A81-8A5B-FB411D1707ED}.Release|Any CPU.Build.0 = Release|Any CPU
		{DAD4D4A1-9AEB-46CF-A143-D19C1EB9C36D}.Debug|Any CPU.ActiveCfg = Debug|Any CPU
		{DAD4D4A1-9AEB-46CF-A143-D19C1EB9C36D}.Debug|Any CPU.Build.0 = Debug|Any CPU
		{DAD4D4A1-9AEB-46CF-A143-D19C1EB9C36D}.Release|Any CPU.ActiveCfg = Release|Any CPU
		{DAD4D4A1-9AEB-46CF-A143-D19C1EB9C36D}.Release|Any CPU.Build.0 = Release|Any CPU
		{F26D75D9-B050-4F78-8911-65780DF78BA5}.Debug|Any CPU.ActiveCfg = Debug|Any CPU
		{F26D75D9-B050-4F78-8911-65780DF78BA5}.Debug|Any CPU.Build.0 = Debug|Any CPU
		{F26D75D9-B050-4F78-8911-65780DF78BA5}.Release|Any CPU.ActiveCfg = Release|Any CPU
		{F26D75D9-B050-4F78-8911-65780DF78BA5}.Release|Any CPU.Build.0 = Release|Any CPU
		{334B2EC6-F84D-47F2-83C3-7F4FECAA1163}.Debug|Any CPU.ActiveCfg = Debug|Any CPU
		{334B2EC6-F84D-47F2-83C3-7F4FECAA1163}.Debug|Any CPU.Build.0 = Debug|Any CPU
		{334B2EC6-F84D-47F2-83C3-7F4FECAA1163}.Release|Any CPU.ActiveCfg = Release|Any CPU
		{334B2EC6-F84D-47F2-83C3-7F4FECAA1163}.Release|Any CPU.Build.0 = Release|Any CPU
		{5547B022-4512-4765-A762-121A77F9D204}.Debug|Any CPU.ActiveCfg = Debug|Any CPU
		{5547B022-4512-4765-A762-121A77F9D204}.Debug|Any CPU.Build.0 = Debug|Any CPU
		{5547B022-4512-4765-A762-121A77F9D204}.Release|Any CPU.ActiveCfg = Release|Any CPU
		{5547B022-4512-4765-A762-121A77F9D204}.Release|Any CPU.Build.0 = Release|Any CPU
		{884BB166-77C2-4B71-9E97-9739616120B4}.Debug|Any CPU.ActiveCfg = Debug|Any CPU
		{884BB166-77C2-4B71-9E97-9739616120B4}.Debug|Any CPU.Build.0 = Debug|Any CPU
		{884BB166-77C2-4B71-9E97-9739616120B4}.Release|Any CPU.ActiveCfg = Release|Any CPU
		{884BB166-77C2-4B71-9E97-9739616120B4}.Release|Any CPU.Build.0 = Release|Any CPU
		{2318E480-B8A6-40F4-84E4-55A8162A4969}.Debug|Any CPU.ActiveCfg = Debug|Any CPU
		{2318E480-B8A6-40F4-84E4-55A8162A4969}.Debug|Any CPU.Build.0 = Debug|Any CPU
		{2318E480-B8A6-40F4-84E4-55A8162A4969}.Release|Any CPU.ActiveCfg = Release|Any CPU
		{2318E480-B8A6-40F4-84E4-55A8162A4969}.Release|Any CPU.Build.0 = Release|Any CPU
		{14C156A3-CDE8-4501-A61A-1FF511F6255E}.Debug|Any CPU.ActiveCfg = Debug|Any CPU
		{14C156A3-CDE8-4501-A61A-1FF511F6255E}.Debug|Any CPU.Build.0 = Debug|Any CPU
		{14C156A3-CDE8-4501-A61A-1FF511F6255E}.Release|Any CPU.ActiveCfg = Release|Any CPU
		{14C156A3-CDE8-4501-A61A-1FF511F6255E}.Release|Any CPU.Build.0 = Release|Any CPU
		{3C7D0E5D-90CE-469B-AC79-1B89EEEFE3B8}.Debug|Any CPU.ActiveCfg = Debug|Any CPU
		{3C7D0E5D-90CE-469B-AC79-1B89EEEFE3B8}.Debug|Any CPU.Build.0 = Debug|Any CPU
		{3C7D0E5D-90CE-469B-AC79-1B89EEEFE3B8}.Release|Any CPU.ActiveCfg = Release|Any CPU
		{3C7D0E5D-90CE-469B-AC79-1B89EEEFE3B8}.Release|Any CPU.Build.0 = Release|Any CPU
	EndGlobalSection
	GlobalSection(SolutionProperties) = preSolution
		HideSolutionNode = FALSE
	EndGlobalSection
	GlobalSection(NestedProjects) = preSolution
		{653AE14C-8DD7-4E9C-96B5-D6B99C1D0CF7} = {087760BA-AF35-40D8-8779-01B3C48D3EF4}
		{A6F2D049-4B6E-4805-889F-49D113927DA6} = {653AE14C-8DD7-4E9C-96B5-D6B99C1D0CF7}
		{9830C312-7C6A-4AAE-9700-AF8E2BCF942D} = {087760BA-AF35-40D8-8779-01B3C48D3EF4}
		{820840D7-0105-4611-B956-235D6EE15191} = {9830C312-7C6A-4AAE-9700-AF8E2BCF942D}
		{4166A6E7-178A-4FDE-B7BD-33C5833F9472} = {087760BA-AF35-40D8-8779-01B3C48D3EF4}
		{C8BD72CC-5DDA-4A81-8A5B-FB411D1707ED} = {4166A6E7-178A-4FDE-B7BD-33C5833F9472}
		{DAD4D4A1-9AEB-46CF-A143-D19C1EB9C36D} = {4166A6E7-178A-4FDE-B7BD-33C5833F9472}
		{69172560-B5A3-488A-A715-2754C6FA6C5D} = {087760BA-AF35-40D8-8779-01B3C48D3EF4}
		{F26D75D9-B050-4F78-8911-65780DF78BA5} = {69172560-B5A3-488A-A715-2754C6FA6C5D}
		{334B2EC6-F84D-47F2-83C3-7F4FECAA1163} = {69172560-B5A3-488A-A715-2754C6FA6C5D}
		{5547B022-4512-4765-A762-121A77F9D204} = {69172560-B5A3-488A-A715-2754C6FA6C5D}
		{884BB166-77C2-4B71-9E97-9739616120B4} = {69172560-B5A3-488A-A715-2754C6FA6C5D}
		{2318E480-B8A6-40F4-84E4-55A8162A4969} = {697BC681-3FB0-437B-9BB9-AF5BA4C929E0}
		{14C156A3-CDE8-4501-A61A-1FF511F6255E} = {9B4D3E8A-2363-4DB9-8B9A-CC7803EE3F86}
		{3C7D0E5D-90CE-469B-AC79-1B89EEEFE3B8} = {9B4D3E8A-2363-4DB9-8B9A-CC7803EE3F86}
	EndGlobalSection
	GlobalSection(ExtensibilityGlobals) = postSolution
		SolutionGuid = {A359A298-1C98-4D56-886A-777076E176E4}
	EndGlobalSection
EndGlobal
