
Microsoft Visual Studio Solution File, Format Version 12.00
# Visual Studio Version 17
VisualStudioVersion = 17.7.34221.43
MinimumVisualStudioVersion = 10.0.40219.1
Project("{2150E333-8FDC-42A3-9474-1A3956D46DE8}") = "Services", "Services", "{087760BA-AF35-40D8-8779-01B3C48D3EF4}"
EndProject
Project("{2150E333-8FDC-42A3-9474-1A3956D46DE8}") = "Catalog", "Catalog", "{653AE14C-8DD7-4E9C-96B5-D6B99C1D0CF7}"
EndProject
Project("{9A19103F-16F7-4668-BE54-9A1E7A4F7556}") = "Catalog.Api", "Services\Catalog\Catalog.Api\Catalog.Api.csproj", "{A6F2D049-4B6E-4805-889F-49D113927DA6}"
EndProject
Project("{E53339B2-1760-4266-BCC7-CA923CBCF16C}") = "docker-compose", "docker-compose.dcproj", "{9ED1D254-4DE6-4229-B3B8-A60383414787}"
EndProject
Project("{2150E333-8FDC-42A3-9474-1A3956D46DE8}") = "Basket", "Basket", "{9830C312-7C6A-4AAE-9700-AF8E2BCF942D}"
EndProject
Project("{FAE04EC0-301F-11D3-BF4B-00C04F79EFBC}") = "Basket.Api", "Services\Basket\Basket.Api\Basket.Api.csproj", "{820840D7-0105-4611-B956-235D6EE15191}"
EndProject
Project("{2150E333-8FDC-42A3-9474-1A3956D46DE8}") = "Discount", "Discount", "{4166A6E7-178A-4FDE-B7BD-33C5833F9472}"
EndProject
Project("{FAE04EC0-301F-11D3-BF4B-00C04F79EFBC}") = "Discount.Api", "Services\Discount\Discount.Api\Discount.Api.csproj", "{C8BD72CC-5DDA-4A81-8A5B-FB411D1707ED}"
EndProject
Global
	GlobalSection(SolutionConfigurationPlatforms) = preSolution
		Debug|Any CPU = Debug|Any CPU
		Release|Any CPU = Release|Any CPU
	EndGlobalSection
	GlobalSection(ProjectConfigurationPlatforms) = postSolution
		{A6F2D049-4B6E-4805-889F-49D113927DA6}.Debug|Any CPU.ActiveCfg = Debug|Any CPU
		{A6F2D049-4B6E-4805-889F-49D113927DA6}.Debug|Any CPU.Build.0 = Debug|Any CPU
		{A6F2D049-4B6E-4805-889F-49D113927DA6}.Release|Any CPU.ActiveCfg = Release|Any CPU
		{A6F2D049-4B6E-4805-889F-49D113927DA6}.Release|Any CPU.Build.0 = Release|Any CPU
		{9ED1D254-4DE6-4229-B3B8-A60383414787}.Debug|Any CPU.ActiveCfg = Debug|Any CPU
		{9ED1D254-4DE6-4229-B3B8-A60383414787}.Debug|Any CPU.Build.0 = Debug|Any CPU
		{9ED1D254-4DE6-4229-B3B8-A60383414787}.Release|Any CPU.ActiveCfg = Release|Any CPU
		{9ED1D254-4DE6-4229-B3B8-A60383414787}.Release|Any CPU.Build.0 = Release|Any CPU
		{820840D7-0105-4611-B956-235D6EE15191}.Debug|Any CPU.ActiveCfg = Debug|Any CPU
		{820840D7-0105-4611-B956-235D6EE15191}.Debug|Any CPU.Build.0 = Debug|Any CPU
		{820840D7-0105-4611-B956-235D6EE15191}.Release|Any CPU.ActiveCfg = Release|Any CPU
		{820840D7-0105-4611-B956-235D6EE15191}.Release|Any CPU.Build.0 = Release|Any CPU
		{C8BD72CC-5DDA-4A81-8A5B-FB411D1707ED}.Debug|Any CPU.ActiveCfg = Debug|Any CPU
		{C8BD72CC-5DDA-4A81-8A5B-FB411D1707ED}.Debug|Any CPU.Build.0 = Debug|Any CPU
		{C8BD72CC-5DDA-4A81-8A5B-FB411D1707ED}.Release|Any CPU.ActiveCfg = Release|Any CPU
		{C8BD72CC-5DDA-4A81-8A5B-FB411D1707ED}.Release|Any CPU.Build.0 = Release|Any CPU
	EndGlobalSection
	GlobalSection(SolutionProperties) = preSolution
		HideSolutionNode = FALSE
	EndGlobalSection
	GlobalSection(NestedProjects) = preSolution
		{653AE14C-8DD7-4E9C-96B5-D6B99C1D0CF7} = {087760BA-AF35-40D8-8779-01B3C48D3EF4}
		{A6F2D049-4B6E-4805-889F-49D113927DA6} = {653AE14C-8DD7-4E9C-96B5-D6B99C1D0CF7}
		{9830C312-7C6A-4AAE-9700-AF8E2BCF942D} = {087760BA-AF35-40D8-8779-01B3C48D3EF4}
		{820840D7-0105-4611-B956-235D6EE15191} = {9830C312-7C6A-4AAE-9700-AF8E2BCF942D}
		{4166A6E7-178A-4FDE-B7BD-33C5833F9472} = {087760BA-AF35-40D8-8779-01B3C48D3EF4}
		{C8BD72CC-5DDA-4A81-8A5B-FB411D1707ED} = {4166A6E7-178A-4FDE-B7BD-33C5833F9472}
	EndGlobalSection
	GlobalSection(ExtensibilityGlobals) = postSolution
		SolutionGuid = {A359A298-1C98-4D56-886A-777076E176E4}
	EndGlobalSection
EndGlobal
